
Microsoft Visual Studio Solution File, Format Version 12.00
# Visual Studio Version 17
VisualStudioVersion = 17.14.37203.1 d17.14
MinimumVisualStudioVersion = 10.0.40219.1
Project("{FAE04EC0-301F-11D3-BF4B-00C04F79EFBC}") = "gun12", "gun12.csproj", "{3845372F-93D5-4D48-96B0-774B4BFE0B58}"
EndProject
Global
	GlobalSection(SolutionConfigurationPlatforms) = preSolution
		Debug|Any CPU = Debug|Any CPU
		Release|Any CPU = Release|Any CPU
	EndGlobalSection
	GlobalSection(ProjectConfigurationPlatforms) = postSolution
		{3845372F-93D5-4D48-96B0-774B4BFE0B58}.Debug|Any CPU.ActiveCfg = Debug|Any CPU
		{3845372F-93D5-4D48-96B0-774B4BFE0B58}.Debug|Any CPU.Build.0 = Debug|Any CPU
		{3845372F-93D5-4D48-96B0-774B4BFE0B58}.Release|Any CPU.ActiveCfg = Release|Any CPU
		{3845372F-93D5-4D48-96B0-774B4BFE0B58}.Release|Any CPU.Build.0 = Release|Any CPU
	EndGlobalSection
	GlobalSection(SolutionProperties) = preSolution
		HideSolutionNode = FALSE
	EndGlobalSection
	GlobalSection(ExtensibilityGlobals) = postSolution
		SolutionGuid = {A1066C86-32A8-45F3-AD02-65631BCB326A}
	EndGlobalSection
EndGlobal
