
Microsoft Visual Studio Solution File, Format Version 12.00
# Visual Studio Version 17
VisualStudioVersion = 17.14.37203.1 d17.14
MinimumVisualStudioVersion = 10.0.40219.1
Project("{FAE04EC0-301F-11D3-BF4B-00C04F79EFBC}") = "gun11", "gun11.csproj", "{09065765-E6D7-4D44-AF56-B0770B4492A4}"
EndProject
Global
	GlobalSection(SolutionConfigurationPlatforms) = preSolution
		Debug|Any CPU = Debug|Any CPU
		Release|Any CPU = Release|Any CPU
	EndGlobalSection
	GlobalSection(ProjectConfigurationPlatforms) = postSolution
		{09065765-E6D7-4D44-AF56-B0770B4492A4}.Debug|Any CPU.ActiveCfg = Debug|Any CPU
		{09065765-E6D7-4D44-AF56-B0770B4492A4}.Debug|Any CPU.Build.0 = Debug|Any CPU
		{09065765-E6D7-4D44-AF56-B0770B4492A4}.Release|Any CPU.ActiveCfg = Release|Any CPU
		{09065765-E6D7-4D44-AF56-B0770B4492A4}.Release|Any CPU.Build.0 = Release|Any CPU
	EndGlobalSection
	GlobalSection(SolutionProperties) = preSolution
		HideSolutionNode = FALSE
	EndGlobalSection
	GlobalSection(ExtensibilityGlobals) = postSolution
		SolutionGuid = {593E279D-051A-4978-A7E3-D4015BE2553C}
	EndGlobalSection
EndGlobal
