
Microsoft Visual Studio Solution File, Format Version 12.00
# Visual Studio Version 17
VisualStudioVersion = 17.14.37203.1 d17.14
MinimumVisualStudioVersion = 10.0.40219.1
Project("{FAE04EC0-301F-11D3-BF4B-00C04F79EFBC}") = "gun8", "gun8.csproj", "{CDAEF38F-687B-429F-8A38-41457B7733F1}"
EndProject
Global
	GlobalSection(SolutionConfigurationPlatforms) = preSolution
		Debug|Any CPU = Debug|Any CPU
		Release|Any CPU = Release|Any CPU
	EndGlobalSection
	GlobalSection(ProjectConfigurationPlatforms) = postSolution
		{CDAEF38F-687B-429F-8A38-41457B7733F1}.Debug|Any CPU.ActiveCfg = Debug|Any CPU
		{CDAEF38F-687B-429F-8A38-41457B7733F1}.Debug|Any CPU.Build.0 = Debug|Any CPU
		{CDAEF38F-687B-429F-8A38-41457B7733F1}.Release|Any CPU.ActiveCfg = Release|Any CPU
		{CDAEF38F-687B-429F-8A38-41457B7733F1}.Release|Any CPU.Build.0 = Release|Any CPU
	EndGlobalSection
	GlobalSection(SolutionProperties) = preSolution
		HideSolutionNode = FALSE
	EndGlobalSection
	GlobalSection(ExtensibilityGlobals) = postSolution
		SolutionGuid = {F28A569E-F644-4D17-9206-F2F94044FF8E}
	EndGlobalSection
EndGlobal
